{
  "name": "labz-playwright",
  "version": "1.0.0",
  "lockfileVersion": 2,
  "requires": true,
  "packages": {
    "": {
      "name": "labz-playwright",
      "version": "1.0.0",
      "license": "ISC",
      "devDependencies": {
        "@axe-core/playwright": "^4.5.0",
        "@playwright/test": "^1.27.1"
      }
    },
    "node_modules/@axe-core/playwright": {
      "version": "4.5.0",
      "resolved": "https://registry.npmjs.org/@axe-core/playwright/-/playwright-4.5.0.tgz",
      "integrity": "sha512-YBkSBuxeSXb9FRUZU7NsZZFU/sTluZt71YqTRLrS/1eycZqIYMIALo9D/s17zPoBsFwJRKPkKvQy+dmDHHy4yQ==",
      "dev": true,
      "dependencies": {
        "axe-core": "^4.5.0"
      },
      "peerDependencies": {
        "playwright": ">= 1.0.0"
      }
    },
    "node_modules/@playwright/test": {
      "version": "1.27.1",
      "resolved": "https://registry.npmjs.org/@playwright/test/-/test-1.27.1.tgz",
      "integrity": "sha512-mrL2q0an/7tVqniQQF6RBL2saskjljXzqNcCOVMUjRIgE6Y38nCNaP+Dc2FBW06bcpD3tqIws/HT9qiMHbNU0A==",
      "dev": true,
      "dependencies": {
        "@types/node": "*",
        "playwright-core": "1.27.1"
      },
      "bin": {
        "playwright": "cli.js"
      },
      "engines": {
        "node": ">=14"
      }
    },
    "node_modules/@types/node": {
      "version": "18.8.2",
      "resolved": "https://registry.npmjs.org/@types/node/-/node-18.8.2.tgz",
      "integrity": "sha512-cRMwIgdDN43GO4xMWAfJAecYn8wV4JbsOGHNfNUIDiuYkUYAR5ec4Rj7IO2SAhFPEfpPtLtUTbbny/TCT7aDwA==",
      "dev": true
    },
    "node_modules/axe-core": {
      "version": "4.5.1",
      "resolved": "https://registry.npmjs.org/axe-core/-/axe-core-4.5.1.tgz",
      "integrity": "sha512-1exVbW0X1O/HSr/WMwnaweyqcWOgZgLiVxdLG34pvSQk4NlYQr9OUy0JLwuhFfuVNQzzqgH57eYzkFBCb3bIsQ==",
      "dev": true,
      "engines": {
        "node": ">=4"
      }
    },
    "node_modules/playwright": {
      "version": "1.27.1",
      "resolved": "https://registry.npmjs.org/playwright/-/playwright-1.27.1.tgz",
      "integrity": "sha512-xXYZ7m36yTtC+oFgqH0eTgullGztKSRMb4yuwLPl8IYSmgBM88QiB+3IWb1mRIC9/NNwcgbG0RwtFlg+EAFQHQ==",
      "dev": true,
      "hasInstallScript": true,
      "peer": true,
      "dependencies": {
        "playwright-core": "1.27.1"
      },
      "bin": {
        "playwright": "cli.js"
      },
      "engines": {
        "node": ">=14"
      }
    },
    "node_modules/playwright-core": {
      "version": "1.27.1",
      "resolved": "https://registry.npmjs.org/playwright-core/-/playwright-core-1.27.1.tgz",
      "integrity": "sha512-9EmeXDncC2Pmp/z+teoVYlvmPWUC6ejSSYZUln7YaP89Z6lpAaiaAnqroUt/BoLo8tn7WYShcfaCh+xofZa44Q==",
      "dev": true,
      "bin": {
        "playwright": "cli.js"
      },
      "engines": {
        "node": ">=14"
      }
    }
  },
  "dependencies": {
    "@axe-core/playwright": {
      "version": "4.5.0",
      "resolved": "https://registry.npmjs.org/@axe-core/playwright/-/playwright-4.5.0.tgz",
      "integrity": "sha512-YBkSBuxeSXb9FRUZU7NsZZFU/sTluZt71YqTRLrS/1eycZqIYMIALo9D/s17zPoBsFwJRKPkKvQy+dmDHHy4yQ==",
      "dev": true,
      "requires": {
        "axe-core": "^4.5.0"
      }
    },
    "@playwright/test": {
      "version": "1.27.1",
      "resolved": "https://registry.npmjs.org/@playwright/test/-/test-1.27.1.tgz",
      "integrity": "sha512-mrL2q0an/7tVqniQQF6RBL2saskjljXzqNcCOVMUjRIgE6Y38nCNaP+Dc2FBW06bcpD3tqIws/HT9qiMHbNU0A==",
      "dev": true,
      "requires": {
        "@types/node": "*",
        "playwright-core": "1.27.1"
      }
    },
    "@types/node": {
      "version": "18.8.2",
      "resolved": "https://registry.npmjs.org/@types/node/-/node-18.8.2.tgz",
      "integrity": "sha512-cRMwIgdDN43GO4xMWAfJAecYn8wV4JbsOGHNfNUIDiuYkUYAR5ec4Rj7IO2SAhFPEfpPtLtUTbbny/TCT7aDwA==",
      "dev": true
    },
    "axe-core": {
      "version": "4.5.1",
      "resolved": "https://registry.npmjs.org/axe-core/-/axe-core-4.5.1.tgz",
      "integrity": "sha512-1exVbW0X1O/HSr/WMwnaweyqcWOgZgLiVxdLG34pvSQk4NlYQr9OUy0JLwuhFfuVNQzzqgH57eYzkFBCb3bIsQ==",
      "dev": true
    },
    "playwright": {
      "version": "1.27.1",
      "resolved": "https://registry.npmjs.org/playwright/-/playwright-1.27.1.tgz",
      "integrity": "sha512-xXYZ7m36yTtC+oFgqH0eTgullGztKSRMb4yuwLPl8IYSmgBM88QiB+3IWb1mRIC9/NNwcgbG0RwtFlg+EAFQHQ==",
      "dev": true,
      "peer": true,
      "requires": {
        "playwright-core": "1.27.1"
      }
    },
    "playwright-core": {
      "version": "1.27.1",
      "resolved": "https://registry.npmjs.org/playwright-core/-/playwright-core-1.27.1.tgz",
      "integrity": "sha512-9EmeXDncC2Pmp/z+teoVYlvmPWUC6ejSSYZUln7YaP89Z6lpAaiaAnqroUt/BoLo8tn7WYShcfaCh+xofZa44Q==",
      "dev": true
    }
  }
}
